{
  "nodes": {
    "catppuccin": {
      "inputs": {
        "nixpkgs": [
          "zspher-dotfiles",
          "nixpkgs"
        ]
      },
      "locked": {
        "lastModified": 1774098279,
        "narHash": "sha256-OoQRoQmwCuBBXObi82F6C+eYV1lYCt5Va5k/VckJ6vo=",
        "owner": "catppuccin",
        "repo": "nix",
        "rev": "cb374516af3ccc3aa0c6ef518292bf4ae417a60e",
        "type": "github"
      },
      "original": {
        "owner": "catppuccin",
        "repo": "nix",
        "type": "github"
      }
    },
    "catppuccin-delta": {
      "flake": false,
      "locked": {
        "lastModified": 1760466394,
        "narHash": "sha256-NjqqB/BHqduiNWKeksiRZUMfjRUodJlsVu1yaEIZRsM=",
        "owner": "catppuccin",
        "repo": "delta",
        "rev": "74b47a345638a2f19b3e5bdb9d7e4984066f9ac7",
        "type": "github"
      },
      "original": {
        "owner": "catppuccin",
        "repo": "delta",
        "type": "github"
      }
    },
    "fjordLauncher": {
      "inputs": {
        "libnbtplusplus": "libnbtplusplus",
        "nixpkgs": [
          "zspher-dotfiles",
          "nixpkgs"
        ]
      },
      "locked": {
        "lastModified": 1771970824,
        "narHash": "sha256-SeFfi7BW/3u8J1MO4EJjN5QwyI1O6WpuvHpvRr1dMGw=",
        "owner": "unmojang",
        "repo": "FjordLauncher",
        "rev": "25a1191c4e81fd46c3ea6c13c565201fc8b2dacb",
        "type": "github"
      },
      "original": {
        "owner": "unmojang",
        "repo": "FjordLauncher",
        "type": "github"
      }
    },
    "flake-parts": {
      "inputs": {
        "nixpkgs-lib": "nixpkgs-lib"
      },
      "locked": {
        "lastModified": 1772408722,
        "narHash": "sha256-rHuJtdcOjK7rAHpHphUb1iCvgkU3GpfvicLMwwnfMT0=",
        "owner": "hercules-ci",
        "repo": "flake-parts",
        "rev": "f20dc5d9b8027381c474144ecabc9034d6a839a3",
        "type": "github"
      },
      "original": {
        "owner": "hercules-ci",
        "repo": "flake-parts",
        "type": "github"
      }
    },
    "flake-parts_2": {
      "inputs": {
        "nixpkgs-lib": [
          "nixvim",
          "nixpkgs"
        ]
      },
      "locked": {
        "lastModified": 1769996383,
        "narHash": "sha256-AnYjnFWgS49RlqX7LrC4uA+sCCDBj0Ry/WOJ5XWAsa0=",
        "owner": "hercules-ci",
        "repo": "flake-parts",
        "rev": "57928607ea566b5db3ad13af0e57e921e6b12381",
        "type": "github"
      },
      "original": {
        "owner": "hercules-ci",
        "repo": "flake-parts",
        "type": "github"
      }
    },
    "flake-parts_3": {
      "inputs": {
        "nixpkgs-lib": [
          "zspher-dotfiles",
          "nixpkgs"
        ]
      },
      "locked": {
        "lastModified": 1772408722,
        "narHash": "sha256-rHuJtdcOjK7rAHpHphUb1iCvgkU3GpfvicLMwwnfMT0=",
        "owner": "hercules-ci",
        "repo": "flake-parts",
        "rev": "f20dc5d9b8027381c474144ecabc9034d6a839a3",
        "type": "github"
      },
      "original": {
        "owner": "hercules-ci",
        "repo": "flake-parts",
        "type": "github"
      }
    },
    "home-manager": {
      "inputs": {
        "nixpkgs": [
          "zspher-dotfiles",
          "nixpkgs"
        ]
      },
      "locked": {
        "lastModified": 1774379316,
        "narHash": "sha256-0nGNxWDUH2Hzlj/R3Zf4FEK6fsFNB/dvewuboSRZqiI=",
        "owner": "nix-community",
        "repo": "home-manager",
        "rev": "1eb0549a1ab3fe3f5acf86668249be15fa0e64f7",
        "type": "github"
      },
      "original": {
        "owner": "nix-community",
        "repo": "home-manager",
        "type": "github"
      }
    },
    "libnbtplusplus": {
      "flake": false,
      "locked": {
        "lastModified": 1744811532,
        "narHash": "sha256-qhmjaRkt+O7A+gu6HjUkl7QzOEb4r8y8vWZMG2R/C6o=",
        "owner": "PrismLauncher",
        "repo": "libnbtplusplus",
        "rev": "531449ba1c930c98e0bcf5d332b237a8566f9d78",
        "type": "github"
      },
      "original": {
        "owner": "PrismLauncher",
        "repo": "libnbtplusplus",
        "type": "github"
      }
    },
    "nixpkgs": {
      "locked": {
        "lastModified": 1774106199,
        "narHash": "sha256-US5Tda2sKmjrg2lNHQL3jRQ6p96cgfWh3J1QBliQ8Ws=",
        "owner": "nixos",
        "repo": "nixpkgs",
        "rev": "6c9a78c09ff4d6c21d0319114873508a6ec01655",
        "type": "github"
      },
      "original": {
        "owner": "nixos",
        "ref": "nixos-unstable",
        "repo": "nixpkgs",
        "type": "github"
      }
    },
    "nixpkgs-dev": {
      "locked": {
        "lastModified": 1772303859,
        "narHash": "sha256-7dGJYT+tkCBJ/KEPERZlbD1GV1brDlUnzuyqnPDOik4=",
        "owner": "zspher",
        "repo": "nixpkgs",
        "rev": "dee7d16c566894950f850a22dc364c8efc372085",
        "type": "github"
      },
      "original": {
        "owner": "zspher",
        "ref": "dev",
        "repo": "nixpkgs",
        "type": "github"
      }
    },
    "nixpkgs-lib": {
      "locked": {
        "lastModified": 1772328832,
        "narHash": "sha256-e+/T/pmEkLP6BHhYjx6GmwP5ivonQQn0bJdH9YrRB+Q=",
        "owner": "nix-community",
        "repo": "nixpkgs.lib",
        "rev": "c185c7a5e5dd8f9add5b2f8ebeff00888b070742",
        "type": "github"
      },
      "original": {
        "owner": "nix-community",
        "repo": "nixpkgs.lib",
        "type": "github"
      }
    },
    "nixpkgs-master": {
      "locked": {
        "lastModified": 1774439677,
        "narHash": "sha256-aRmcbxshxK1/WK9aZwHMO9AjK1R6sbKi2ymOYI1UUdM=",
        "owner": "nixos",
        "repo": "nixpkgs",
        "rev": "24a67348c700fee262d1590bb8c86004f55c051f",
        "type": "github"
      },
      "original": {
        "owner": "nixos",
        "repo": "nixpkgs",
        "type": "github"
      }
    },
    "nixpkgs_2": {
      "locked": {
        "lastModified": 1770380644,
        "narHash": "sha256-P7dWMHRUWG5m4G+06jDyThXO7kwSk46C1kgjEWcybkE=",
        "owner": "NixOS",
        "repo": "nixpkgs",
        "rev": "ae67888ff7ef9dff69b3cf0cc0fbfbcd3a722abe",
        "type": "github"
      },
      "original": {
        "owner": "NixOS",
        "ref": "nixpkgs-unstable",
        "repo": "nixpkgs",
        "type": "github"
      }
    },
    "nixvim": {
      "inputs": {
        "flake-parts": "flake-parts_2",
        "nixpkgs": "nixpkgs_2",
        "systems": "systems"
      },
      "locked": {
        "lastModified": 1774309640,
        "narHash": "sha256-8oWL7YLwElBY9ebYri1LlSlhf/gd1Qoqj0nbBwG2yso=",
        "owner": "nix-community",
        "repo": "nixvim",
        "rev": "28c58bf023bf537354f78d6e496a349d7a0ed554",
        "type": "github"
      },
      "original": {
        "owner": "nix-community",
        "repo": "nixvim",
        "type": "github"
      }
    },
    "rofi-plugins": {
      "inputs": {
        "nixpkgs": [
          "zspher-dotfiles",
          "nixpkgs"
        ],
        "rust-overlay": "rust-overlay"
      },
      "locked": {
        "lastModified": 1774228089,
        "narHash": "sha256-/ZH/1dJOGNt6i5HLB62F/5IODw5lFjahJNP3Z5RFI28=",
        "owner": "zspher",
        "repo": "rofi-plugins",
        "rev": "3176472da6c5027d568a1eedab93f19bad65de38",
        "type": "github"
      },
      "original": {
        "owner": "zspher",
        "repo": "rofi-plugins",
        "type": "github"
      }
    },
    "root": {
      "inputs": {
        "flake-parts": "flake-parts",
        "nixpkgs": "nixpkgs",
        "nixpkgs-master": "nixpkgs-master",
        "nixvim": "nixvim",
        "zspher-dotfiles": "zspher-dotfiles"
      }
    },
    "rust-overlay": {
      "inputs": {
        "nixpkgs": [
          "zspher-dotfiles",
          "rofi-plugins",
          "nixpkgs"
        ]
      },
      "locked": {
        "lastModified": 1763865987,
        "narHash": "sha256-DJpzM8Jz3B0azJcAoF+YFHr8rEbxYLJ0wy1kWZ29HOw=",
        "owner": "oxalica",
        "repo": "rust-overlay",
        "rev": "042d905c01a6eec3bcae8530dacb19cda9758a63",
        "type": "github"
      },
      "original": {
        "owner": "oxalica",
        "repo": "rust-overlay",
        "type": "github"
      }
    },
    "spicetify-nix": {
      "inputs": {
        "nixpkgs": [
          "zspher-dotfiles",
          "nixpkgs"
        ],
        "systems": "systems_2"
      },
      "locked": {
        "lastModified": 1774157037,
        "narHash": "sha256-kJpgEIF0sxMW0vx543m3AwyqptJOxPoOJY1DfJ4jQas=",
        "owner": "Gerg-L",
        "repo": "spicetify-nix",
        "rev": "2e2234c2932a3aff5f845cda33cb1972a9e889aa",
        "type": "github"
      },
      "original": {
        "owner": "Gerg-L",
        "repo": "spicetify-nix",
        "type": "github"
      }
    },
    "systems": {
      "locked": {
        "lastModified": 1681028828,
        "narHash": "sha256-Vy1rq5AaRuLzOxct8nz4T6wlgyUR7zLU309k9mBC768=",
        "owner": "nix-systems",
        "repo": "default",
        "rev": "da67096a3b9bf56a91d16901293e51ba5b49a27e",
        "type": "github"
      },
      "original": {
        "owner": "nix-systems",
        "repo": "default",
        "type": "github"
      }
    },
    "systems_2": {
      "locked": {
        "lastModified": 1681028828,
        "narHash": "sha256-Vy1rq5AaRuLzOxct8nz4T6wlgyUR7zLU309k9mBC768=",
        "owner": "nix-systems",
        "repo": "default",
        "rev": "da67096a3b9bf56a91d16901293e51ba5b49a27e",
        "type": "github"
      },
      "original": {
        "owner": "nix-systems",
        "repo": "default",
        "type": "github"
      }
    },
    "zspher-dotfiles": {
      "inputs": {
        "catppuccin": "catppuccin",
        "catppuccin-delta": "catppuccin-delta",
        "fjordLauncher": "fjordLauncher",
        "flake-parts": "flake-parts_3",
        "home-manager": "home-manager",
        "nixpkgs": [
          "nixpkgs"
        ],
        "nixpkgs-dev": "nixpkgs-dev",
        "rofi-plugins": "rofi-plugins",
        "spicetify-nix": "spicetify-nix"
      },
      "locked": {
        "lastModified": 1774400795,
        "narHash": "sha256-3KgKOkjAGZ9h1qVhHmR1nsccEUBnZc5dOfWbSt62FPQ=",
        "owner": "zspher",
        "repo": "dotfiles",
        "rev": "7c5ae24cc569196727c65bf6adc363fa7f7f91f4",
        "type": "github"
      },
      "original": {
        "owner": "zspher",
        "repo": "dotfiles",
        "type": "github"
      }
    }
  },
  "root": "root",
  "version": 7
}
